<?xml version="1.0" encoding="utf-8"?>
<Project ToolsVersion="4.0" xmlns="http://schemas.microsoft.com/developer/msbuild/2003">
  <ItemGroup>
    <Filter Include="Source Files">
      <UniqueIdentifier>{4FC737F1-C7A5-4376-A066-2A32D752A2FF}</UniqueIdentifier>
      <Extensions>cpp;c;cc;cxx;c++;cppm;ixx;def;odl;idl;hpj;bat;asm;asmx</Extensions>
    </Filter>
    <Filter Include="Header Files">
      <UniqueIdentifier>{93995380-89BD-4b04-88EB-625FBE52EBFB}</UniqueIdentifier>
      <Extensions>h;hh;hpp;hxx;h++;hm;inl;inc;ipp;xsd</Extensions>
    </Filter>
    <Filter Include="Resource Files">
      <UniqueIdentifier>{67DA6AB6-F800-4c08-8B7A-83BB121AAD01}</UniqueIdentifier>
      <Extensions>rc;ico;cur;bmp;dlg;rc2;rct;bin;rgs;gif;jpg;jpeg;jpe;resx;tiff;tif;png;wav;mfcribbon-ms</Extensions>
    </Filter>
  </ItemGroup>
  <ItemGroup>
    <ClCompile Include="source\main.cpp">
      <Filter>Source Files</Filter>
    </ClCompile>
    <ClCompile Include="source\Game\Game.cpp">
      <Filter>Source Files</Filter>
    </ClCompile>
    <ClCompile Include="source\Object\AABB.cpp">
      <Filter>Source Files</Filter>
    </ClCompile>
    <ClCompile Include="source\Object\Rigidbody.cpp">
      <Filter>Source Files</Filter>
    </ClCompile>
    <ClCompile Include="source\Object\Object.cpp">
      <Filter>Source Files</Filter>
    </ClCompile>
    <ClCompile Include="source\Renderers\RenderManager.cpp">
      <Filter>Source Files</Filter>
    </ClCompile>
    <ClCompile Include="source\Renderers\ImageRenderer.cpp">
      <Filter>Source Files</Filter>
    </ClCompile>
    <ClCompile Include="source\Scenes\Gameplay.cpp">
      <Filter>Source Files</Filter>
    </ClCompile>
    <ClCompile Include="source\Scenes\MainMenu.cpp">
      <Filter>Source Files</Filter>
    </ClCompile>
    <ClCompile Include="source\Scenes\Scene.cpp">
      <Filter>Source Files</Filter>
    </ClCompile>
    <ClCompile Include="source\Renderers\AnimatedImageRenderer.cpp">
      <Filter>Source Files</Filter>
    </ClCompile>
    <ClCompile Include="source\Player\Spaceship.cpp">
      <Filter>Source Files</Filter>
    </ClCompile>
    <ClCompile Include="source\Player\Tank.cpp">
      <Filter>Source Files</Filter>
    </ClCompile>
    <ClCompile Include="source\Player\Swatter.cpp">
      <Filter>Source Files</Filter>
    </ClCompile>
    <ClCompile Include="source\Enemies\BasicEnemy.cpp">
      <Filter>Source Files</Filter>
    </ClCompile>
    <ClCompile Include="source\Enemies\SeekerEnemy.cpp">
      <Filter>Source Files</Filter>
    </ClCompile>
    <ClCompile Include="source\Enemies\ShootingEnemy.cpp">
      <Filter>Source Files</Filter>
    </ClCompile>
    <ClCompile Include="source\Enemies\AimingEnemy.cpp">
      <Filter>Source Files</Filter>
    </ClCompile>
    <ClCompile Include="source\Enemies\ExplodingEnemy.cpp">
      <Filter>Source Files</Filter>
    </ClCompile>
    <ClCompile Include="source\Elements\Bullet.cpp">
      <Filter>Source Files</Filter>
    </ClCompile>
    <ClCompile Include="source\Elements\Explosion.cpp">
      <Filter>Source Files</Filter>
    </ClCompile>
    <ClCompile Include="source\Elements\Background.cpp">
      <Filter>Source Files</Filter>
    </ClCompile>
    <ClCompile Include="source\Audio\AudioManager.cpp">
      <Filter>Source Files</Filter>
    </ClCompile>
    <ClCompile Include="source\Player\Attacker.cpp">
      <Filter>Source Files</Filter>
    </ClCompile>
    <ClCompile Include="source\Player\Damager.cpp">
      <Filter>Source Files</Filter>
    </ClCompile>
  </ItemGroup>
  <ItemGroup>
    <ClInclude Include="source\Game\Game.h">
      <Filter>Header Files</Filter>
    </ClInclude>
    <ClInclude Include="source\Object\Vector2.h">
      <Filter>Header Files</Filter>
    </ClInclude>
    <ClInclude Include="source\InputManager\InputManager.h">
      <Filter>Header Files</Filter>
    </ClInclude>
    <ClInclude Include="source\Object\AABB.h">
      <Filter>Header Files</Filter>
    </ClInclude>
    <ClInclude Include="source\Object\Transform.h">
      <Filter>Header Files</Filter>
    </ClInclude>
    <ClInclude Include="source\Object\Rigidbody.h">
      <Filter>Header Files</Filter>
    </ClInclude>
    <ClInclude Include="source\Object\Object.h">
      <Filter>Header Files</Filter>
    </ClInclude>
    <ClInclude Include="source\Renderers\RenderManager.h">
      <Filter>Header Files</Filter>
    </ClInclude>
    <ClInclude Include="source\Renderers\Renderer.h">
      <Filter>Header Files</Filter>
    </ClInclude>
    <ClInclude Include="source\Renderers\ImageRenderer.h">
      <Filter>Header Files</Filter>
    </ClInclude>
    <ClInclude Include="source\InputManager\TimeManager.h">
      <Filter>Header Files</Filter>
    </ClInclude>
    <ClInclude Include="source\Scenes\Scene.h">
      <Filter>Header Files</Filter>
    </ClInclude>
    <ClInclude Include="source\Scenes\MainMenu.h">
      <Filter>Header Files</Filter>
    </ClInclude>
    <ClInclude Include="source\Scenes\Gameplay.h">
      <Filter>Header Files</Filter>
    </ClInclude>
    <ClInclude Include="source\Scenes\SceneManager.h">
      <Filter>Header Files</Filter>
    </ClInclude>
    <ClInclude Include="source\Spawner\Spawner.h">
      <Filter>Header Files</Filter>
    </ClInclude>
    <ClInclude Include="source\Object\TestObject.h">
      <Filter>Header Files</Filter>
    </ClInclude>
    <ClInclude Include="source\Renderers\AnimatedImageRenderer.h">
      <Filter>Header Files</Filter>
    </ClInclude>
    <ClInclude Include="source\Player\Player.h">
      <Filter>Header Files</Filter>
    </ClInclude>
    <ClInclude Include="source\Player\Spaceship.h">
      <Filter>Header Files</Filter>
    </ClInclude>
    <ClInclude Include="source\Player\Tank.h">
      <Filter>Header Files</Filter>
    </ClInclude>
    <ClInclude Include="source\Player\Swatter.h">
      <Filter>Header Files</Filter>
    </ClInclude>
    <ClInclude Include="source\Enemies\Enemy.h">
      <Filter>Header Files</Filter>
    </ClInclude>
    <ClInclude Include="source\Enemies\BasicEnemy.h">
      <Filter>Header Files</Filter>
    </ClInclude>
    <ClInclude Include="source\Enemies\SeekerEnemy.h">
      <Filter>Header Files</Filter>
    </ClInclude>
    <ClInclude Include="source\Enemies\ShootingEnemy.h">
      <Filter>Header Files</Filter>
    </ClInclude>
    <ClInclude Include="source\Enemies\AimingEnemy.h">
      <Filter>Header Files</Filter>
    </ClInclude>
    <ClInclude Include="source\Enemies\ExplodingEnemy.h">
      <Filter>Header Files</Filter>
    </ClInclude>
    <ClInclude Include="source\Elements\Bullet.h">
      <Filter>Header Files</Filter>
    </ClInclude>
    <ClInclude Include="source\Elements\Explosion.h">
      <Filter>Header Files</Filter>
    </ClInclude>
    <ClInclude Include="source\Elements\Background.h">
      <Filter>Header Files</Filter>
    </ClInclude>
    <ClInclude Include="source\Renderers\TextRenderer.h">
      <Filter>Header Files</Filter>
    </ClInclude>
    <ClInclude Include="source\Object\ImageObject.h">
      <Filter>Header Files</Filter>
    </ClInclude>
    <ClInclude Include="source\FPS_Counter_UI.h">
      <Filter>Header Files</Filter>
    </ClInclude>
    <ClInclude Include="source\Object\TextObject.h">
      <Filter>Header Files</Filter>
    </ClInclude>
    <ClInclude Include="source\Audio\AudioManager.h">
      <Filter>Header Files</Filter>
    </ClInclude>
    <ClInclude Include="source\Player\Attacker.h">
      <Filter>Header Files</Filter>
    </ClInclude>
    <ClInclude Include="source\Player\Damager.h">
      <Filter>Header Files</Filter>
    </ClInclude>
  </ItemGroup>
  <ItemGroup>
    <Image Include="resources\guitar.jpg">
      <Filter>Resource Files</Filter>
    </Image>
    <Image Include="resources\SpriteSheet.png">
      <Filter>Resource Files</Filter>
    </Image>
    <Image Include="resources\Spaceship.png">
      <Filter>Resource Files</Filter>
    </Image>
    <Image Include="resources\Bullet.png">
      <Filter>Resource Files</Filter>
    </Image>
    <Image Include="resources\EnemyAlien.png">
      <Filter>Resource Files</Filter>
    </Image>
    <Image Include="resources\tank turret.png">
      <Filter>Resource Files</Filter>
    </Image>
    <Image Include="resources\tank body.png">
      <Filter>Resource Files</Filter>
    </Image>
    <Image Include="resources\none.png">
      <Filter>Resource Files</Filter>
    </Image>
    <Image Include="resources\circle.png">
      <Filter>Resource Files</Filter>
    </Image>
    <Image Include="resources\basicenemy.png">
      <Filter>Resource Files</Filter>
    </Image>
    <Image Include="resources\Swatter.png">
      <Filter>Resource Files</Filter>
    </Image>
    <Image Include="resources\background_space.jpg">
      <Filter>Resource Files</Filter>
    </Image>
  </ItemGroup>
  <ItemGroup>
    <Xml Include="source\WavesEnemies.xml" />
  </ItemGroup>
</Project>